
Microsoft Visual Studio Solution File, Format Version 12.00
# Visual Studio 15
VisualStudioVersion = 15.0.27428.2005
MinimumVisualStudioVersion = 10.0.40219.1
Project("{8BC9CEB8-8B4A-11D0-8D11-00A0C91BC942}") = "Zajecia3_3", "Zajecia3_3\Zajecia3_3.vcxproj", "{EFB2FC53-2402-4D55-908E-ABFD8406867B}"
EndProject
Global
	GlobalSection(SolutionConfigurationPlatforms) = preSolution
		Debug|x64 = Debug|x64
		Debug|x86 = Debug|x86
		Release|x64 = Release|x64
		Release|x86 = Release|x86
	EndGlobalSection
	GlobalSection(ProjectConfigurationPlatforms) = postSolution
		{EFB2FC53-2402-4D55-908E-ABFD8406867B}.Debug|x64.ActiveCfg = Debug|x64
		{EFB2FC53-2402-4D55-908E-ABFD8406867B}.Debug|x64.Build.0 = Debug|x64
		{EFB2FC53-2402-4D55-908E-ABFD8406867B}.Debug|x86.ActiveCfg = Debug|Win32
		{EFB2FC53-2402-4D55-908E-ABFD8406867B}.Debug|x86.Build.0 = Debug|Win32
		{EFB2FC53-2402-4D55-908E-ABFD8406867B}.Release|x64.ActiveCfg = Release|x64
		{EFB2FC53-2402-4D55-908E-ABFD8406867B}.Release|x64.Build.0 = Release|x64
		{EFB2FC53-2402-4D55-908E-ABFD8406867B}.Release|x86.ActiveCfg = Release|Win32
		{EFB2FC53-2402-4D55-908E-ABFD8406867B}.Release|x86.Build.0 = Release|Win32
	EndGlobalSection
	GlobalSection(SolutionProperties) = preSolution
		HideSolutionNode = FALSE
	EndGlobalSection
	GlobalSection(ExtensibilityGlobals) = postSolution
		SolutionGuid = {E8B34186-1526-415F-9209-A9EA6A13046C}
	EndGlobalSection
EndGlobal
